
Microsoft Visual Studio Solution File, Format Version 12.00
# Visual Studio 14
VisualStudioVersion = 14.0.25420.1
MinimumVisualStudioVersion = 10.0.40219.1
Project("{FAE04EC0-301F-11D3-BF4B-00C04F79EFBC}") = "XFP20161017", "XFP20161017\XFP20161017\XFP20161017.csproj", "{B6125EDD-7E97-4BEE-8621-7DF38A0C2578}"
EndProject
Project("{FAE04EC0-301F-11D3-BF4B-00C04F79EFBC}") = "XFP20161017.Droid", "XFP20161017\XFP20161017.Droid\XFP20161017.Droid.csproj", "{24066707-6FB7-47D1-BD7E-DA6F09AB70CC}"
EndProject
Project("{FAE04EC0-301F-11D3-BF4B-00C04F79EFBC}") = "XFP20161017.iOS", "XFP20161017\XFP20161017.iOS\XFP20161017.iOS.csproj", "{0154CB42-5F0A-409F-9588-F8F99584F474}"
EndProject
Project("{FAE04EC0-301F-11D3-BF4B-00C04F79EFBC}") = "XFP20161017.UWP", "XFP20161017\XFP20161017.UWP\XFP20161017.UWP.csproj", "{C1CBCAE9-FDB7-4E31-BAA2-673A9256CBDE}"
EndProject
Global
	GlobalSection(SolutionConfigurationPlatforms) = preSolution
		Ad-Hoc|Any CPU = Ad-Hoc|Any CPU
		Ad-Hoc|ARM = Ad-Hoc|ARM
		Ad-Hoc|iPhone = Ad-Hoc|iPhone
		Ad-Hoc|iPhoneSimulator = Ad-Hoc|iPhoneSimulator
		Ad-Hoc|x64 = Ad-Hoc|x64
		Ad-Hoc|x86 = Ad-Hoc|x86
		AppStore|Any CPU = AppStore|Any CPU
		AppStore|ARM = AppStore|ARM
		AppStore|iPhone = AppStore|iPhone
		AppStore|iPhoneSimulator = AppStore|iPhoneSimulator
		AppStore|x64 = AppStore|x64
		AppStore|x86 = AppStore|x86
		Debug|Any CPU = Debug|Any CPU
		Debug|ARM = Debug|ARM
		Debug|iPhone = Debug|iPhone
		Debug|iPhoneSimulator = Debug|iPhoneSimulator
		Debug|x64 = Debug|x64
		Debug|x86 = Debug|x86
		Release|Any CPU = Release|Any CPU
		Release|ARM = Release|ARM
		Release|iPhone = Release|iPhone
		Release|iPhoneSimulator = Release|iPhoneSimulator
		Release|x64 = Release|x64
		Release|x86 = Release|x86
	EndGlobalSection
	GlobalSection(ProjectConfigurationPlatforms) = postSolution
		{B6125EDD-7E97-4BEE-8621-7DF38A0C2578}.Ad-Hoc|Any CPU.ActiveCfg = Release|Any CPU
		{B6125EDD-7E97-4BEE-8621-7DF38A0C2578}.Ad-Hoc|Any CPU.Build.0 = Release|Any CPU
		{B6125EDD-7E97-4BEE-8621-7DF38A0C2578}.Ad-Hoc|ARM.ActiveCfg = Release|Any CPU
		{B6125EDD-7E97-4BEE-8621-7DF38A0C2578}.Ad-Hoc|ARM.Build.0 = Release|Any CPU
		{B6125EDD-7E97-4BEE-8621-7DF38A0C2578}.Ad-Hoc|iPhone.ActiveCfg = Release|Any CPU
		{B6125EDD-7E97-4BEE-8621-7DF38A0C2578}.Ad-Hoc|iPhone.Build.0 = Release|Any CPU
		{B6125EDD-7E97-4BEE-8621-7DF38A0C2578}.Ad-Hoc|iPhoneSimulator.ActiveCfg = Release|Any CPU
		{B6125EDD-7E97-4BEE-8621-7DF38A0C2578}.Ad-Hoc|iPhoneSimulator.Build.0 = Release|Any CPU
		{B6125EDD-7E97-4BEE-8621-7DF38A0C2578}.Ad-Hoc|x64.ActiveCfg = Release|Any CPU
		{B6125EDD-7E97-4BEE-8621-7DF38A0C2578}.Ad-Hoc|x64.Build.0 = Release|Any CPU
		{B6125EDD-7E97-4BEE-8621-7DF38A0C2578}.Ad-Hoc|x86.ActiveCfg = Release|Any CPU
		{B6125EDD-7E97-4BEE-8621-7DF38A0C2578}.Ad-Hoc|x86.Build.0 = Release|Any CPU
		{B6125EDD-7E97-4BEE-8621-7DF38A0C2578}.AppStore|Any CPU.ActiveCfg = Release|Any CPU
		{B6125EDD-7E97-4BEE-8621-7DF38A0C2578}.AppStore|Any CPU.Build.0 = Release|Any CPU
		{B6125EDD-7E97-4BEE-8621-7DF38A0C2578}.AppStore|ARM.ActiveCfg = Release|Any CPU
		{B6125EDD-7E97-4BEE-8621-7DF38A0C2578}.AppStore|ARM.Build.0 = Release|Any CPU
		{B6125EDD-7E97-4BEE-8621-7DF38A0C2578}.AppStore|iPhone.ActiveCfg = Release|Any CPU
		{B6125EDD-7E97-4BEE-8621-7DF38A0C2578}.AppStore|iPhone.Build.0 = Release|Any CPU
		{B6125EDD-7E97-4BEE-8621-7DF38A0C2578}.AppStore|iPhoneSimulator.ActiveCfg = Release|Any CPU
		{B6125EDD-7E97-4BEE-8621-7DF38A0C2578}.AppStore|iPhoneSimulator.Build.0 = Release|Any CPU
		{B6125EDD-7E97-4BEE-8621-7DF38A0C2578}.AppStore|x64.ActiveCfg = Release|Any CPU
		{B6125EDD-7E97-4BEE-8621-7DF38A0C2578}.AppStore|x64.Build.0 = Release|Any CPU
		{B6125EDD-7E97-4BEE-8621-7DF38A0C2578}.AppStore|x86.ActiveCfg = Release|Any CPU
		{B6125EDD-7E97-4BEE-8621-7DF38A0C2578}.AppStore|x86.Build.0 = Release|Any CPU
		{B6125EDD-7E97-4BEE-8621-7DF38A0C2578}.Debug|Any CPU.ActiveCfg = Debug|Any CPU
		{B6125EDD-7E97-4BEE-8621-7DF38A0C2578}.Debug|Any CPU.Build.0 = Debug|Any CPU
		{B6125EDD-7E97-4BEE-8621-7DF38A0C2578}.Debug|ARM.ActiveCfg = Debug|Any CPU
		{B6125EDD-7E97-4BEE-8621-7DF38A0C2578}.Debug|ARM.Build.0 = Debug|Any CPU
		{B6125EDD-7E97-4BEE-8621-7DF38A0C2578}.Debug|iPhone.ActiveCfg = Debug|Any CPU
		{B6125EDD-7E97-4BEE-8621-7DF38A0C2578}.Debug|iPhone.Build.0 = Debug|Any CPU
		{B6125EDD-7E97-4BEE-8621-7DF38A0C2578}.Debug|iPhoneSimulator.ActiveCfg = Debug|Any CPU
		{B6125EDD-7E97-4BEE-8621-7DF38A0C2578}.Debug|iPhoneSimulator.Build.0 = Debug|Any CPU
		{B6125EDD-7E97-4BEE-8621-7DF38A0C2578}.Debug|x64.ActiveCfg = Debug|Any CPU
		{B6125EDD-7E97-4BEE-8621-7DF38A0C2578}.Debug|x64.Build.0 = Debug|Any CPU
		{B6125EDD-7E97-4BEE-8621-7DF38A0C2578}.Debug|x86.ActiveCfg = Debug|Any CPU
		{B6125EDD-7E97-4BEE-8621-7DF38A0C2578}.Debug|x86.Build.0 = Debug|Any CPU
		{B6125EDD-7E97-4BEE-8621-7DF38A0C2578}.Release|Any CPU.ActiveCfg = Release|Any CPU
		{B6125EDD-7E97-4BEE-8621-7DF38A0C2578}.Release|Any CPU.Build.0 = Release|Any CPU
		{B6125EDD-7E97-4BEE-8621-7DF38A0C2578}.Release|ARM.ActiveCfg = Release|Any CPU
		{B6125EDD-7E97-4BEE-8621-7DF38A0C2578}.Release|ARM.Build.0 = Release|Any CPU
		{B6125EDD-7E97-4BEE-8621-7DF38A0C2578}.Release|iPhone.ActiveCfg = Release|Any CPU
		{B6125EDD-7E97-4BEE-8621-7DF38A0C2578}.Release|iPhone.Build.0 = Release|Any CPU
		{B6125EDD-7E97-4BEE-8621-7DF38A0C2578}.Release|iPhoneSimulator.ActiveCfg = Release|Any CPU
		{B6125EDD-7E97-4BEE-8621-7DF38A0C2578}.Release|iPhoneSimulator.Build.0 = Release|Any CPU
		{B6125EDD-7E97-4BEE-8621-7DF38A0C2578}.Release|x64.ActiveCfg = Release|Any CPU
		{B6125EDD-7E97-4BEE-8621-7DF38A0C2578}.Release|x64.Build.0 = Release|Any CPU
		{B6125EDD-7E97-4BEE-8621-7DF38A0C2578}.Release|x86.ActiveCfg = Release|Any CPU
		{B6125EDD-7E97-4BEE-8621-7DF38A0C2578}.Release|x86.Build.0 = Release|Any CPU
		{24066707-6FB7-47D1-BD7E-DA6F09AB70CC}.Ad-Hoc|Any CPU.ActiveCfg = Release|Any CPU
		{24066707-6FB7-47D1-BD7E-DA6F09AB70CC}.Ad-Hoc|Any CPU.Build.0 = Release|Any CPU
		{24066707-6FB7-47D1-BD7E-DA6F09AB70CC}.Ad-Hoc|Any CPU.Deploy.0 = Release|Any CPU
		{24066707-6FB7-47D1-BD7E-DA6F09AB70CC}.Ad-Hoc|ARM.ActiveCfg = Release|Any CPU
		{24066707-6FB7-47D1-BD7E-DA6F09AB70CC}.Ad-Hoc|ARM.Build.0 = Release|Any CPU
		{24066707-6FB7-47D1-BD7E-DA6F09AB70CC}.Ad-Hoc|ARM.Deploy.0 = Release|Any CPU
		{24066707-6FB7-47D1-BD7E-DA6F09AB70CC}.Ad-Hoc|iPhone.ActiveCfg = Release|Any CPU
		{24066707-6FB7-47D1-BD7E-DA6F09AB70CC}.Ad-Hoc|iPhone.Build.0 = Release|Any CPU
		{24066707-6FB7-47D1-BD7E-DA6F09AB70CC}.Ad-Hoc|iPhone.Deploy.0 = Release|Any CPU
		{24066707-6FB7-47D1-BD7E-DA6F09AB70CC}.Ad-Hoc|iPhoneSimulator.ActiveCfg = Release|Any CPU
		{24066707-6FB7-47D1-BD7E-DA6F09AB70CC}.Ad-Hoc|iPhoneSimulator.Build.0 = Release|Any CPU
		{24066707-6FB7-47D1-BD7E-DA6F09AB70CC}.Ad-Hoc|iPhoneSimulator.Deploy.0 = Release|Any CPU
		{24066707-6FB7-47D1-BD7E-DA6F09AB70CC}.Ad-Hoc|x64.ActiveCfg = Release|Any CPU
		{24066707-6FB7-47D1-BD7E-DA6F09AB70CC}.Ad-Hoc|x64.Build.0 = Release|Any CPU
		{24066707-6FB7-47D1-BD7E-DA6F09AB70CC}.Ad-Hoc|x64.Deploy.0 = Release|Any CPU
		{24066707-6FB7-47D1-BD7E-DA6F09AB70CC}.Ad-Hoc|x86.ActiveCfg = Release|Any CPU
		{24066707-6FB7-47D1-BD7E-DA6F09AB70CC}.Ad-Hoc|x86.Build.0 = Release|Any CPU
		{24066707-6FB7-47D1-BD7E-DA6F09AB70CC}.Ad-Hoc|x86.Deploy.0 = Release|Any CPU
		{24066707-6FB7-47D1-BD7E-DA6F09AB70CC}.AppStore|Any CPU.ActiveCfg = Release|Any CPU
		{24066707-6FB7-47D1-BD7E-DA6F09AB70CC}.AppStore|Any CPU.Build.0 = Release|Any CPU
		{24066707-6FB7-47D1-BD7E-DA6F09AB70CC}.AppStore|Any CPU.Deploy.0 = Release|Any CPU
		{24066707-6FB7-47D1-BD7E-DA6F09AB70CC}.AppStore|ARM.ActiveCfg = Release|Any CPU
		{24066707-6FB7-47D1-BD7E-DA6F09AB70CC}.AppStore|ARM.Build.0 = Release|Any CPU
		{24066707-6FB7-47D1-BD7E-DA6F09AB70CC}.AppStore|ARM.Deploy.0 = Release|Any CPU
		{24066707-6FB7-47D1-BD7E-DA6F09AB70CC}.AppStore|iPhone.ActiveCfg = Release|Any CPU
		{24066707-6FB7-47D1-BD7E-DA6F09AB70CC}.AppStore|iPhone.Build.0 = Release|Any CPU
		{24066707-6FB7-47D1-BD7E-DA6F09AB70CC}.AppStore|iPhone.Deploy.0 = Release|Any CPU
		{24066707-6FB7-47D1-BD7E-DA6F09AB70CC}.AppStore|iPhoneSimulator.ActiveCfg = Release|Any CPU
		{24066707-6FB7-47D1-BD7E-DA6F09AB70CC}.AppStore|iPhoneSimulator.Build.0 = Release|Any CPU
		{24066707-6FB7-47D1-BD7E-DA6F09AB70CC}.AppStore|iPhoneSimulator.Deploy.0 = Release|Any CPU
		{24066707-6FB7-47D1-BD7E-DA6F09AB70CC}.AppStore|x64.ActiveCfg = Release|Any CPU
		{24066707-6FB7-47D1-BD7E-DA6F09AB70CC}.AppStore|x64.Build.0 = Release|Any CPU
		{24066707-6FB7-47D1-BD7E-DA6F09AB70CC}.AppStore|x64.Deploy.0 = Release|Any CPU
		{24066707-6FB7-47D1-BD7E-DA6F09AB70CC}.AppStore|x86.ActiveCfg = Release|Any CPU
		{24066707-6FB7-47D1-BD7E-DA6F09AB70CC}.AppStore|x86.Build.0 = Release|Any CPU
		{24066707-6FB7-47D1-BD7E-DA6F09AB70CC}.AppStore|x86.Deploy.0 = Release|Any CPU
		{24066707-6FB7-47D1-BD7E-DA6F09AB70CC}.Debug|Any CPU.ActiveCfg = Debug|Any CPU
		{24066707-6FB7-47D1-BD7E-DA6F09AB70CC}.Debug|Any CPU.Build.0 = Debug|Any CPU
		{24066707-6FB7-47D1-BD7E-DA6F09AB70CC}.Debug|Any CPU.Deploy.0 = Debug|Any CPU
		{24066707-6FB7-47D1-BD7E-DA6F09AB70CC}.Debug|ARM.ActiveCfg = Debug|Any CPU
		{24066707-6FB7-47D1-BD7E-DA6F09AB70CC}.Debug|ARM.Build.0 = Debug|Any CPU
		{24066707-6FB7-47D1-BD7E-DA6F09AB70CC}.Debug|ARM.Deploy.0 = Debug|Any CPU
		{24066707-6FB7-47D1-BD7E-DA6F09AB70CC}.Debug|iPhone.ActiveCfg = Debug|Any CPU
		{24066707-6FB7-47D1-BD7E-DA6F09AB70CC}.Debug|iPhone.Build.0 = Debug|Any CPU
		{24066707-6FB7-47D1-BD7E-DA6F09AB70CC}.Debug|iPhone.Deploy.0 = Debug|Any CPU
		{24066707-6FB7-47D1-BD7E-DA6F09AB70CC}.Debug|iPhoneSimulator.ActiveCfg = Debug|Any CPU
		{24066707-6FB7-47D1-BD7E-DA6F09AB70CC}.Debug|iPhoneSimulator.Build.0 = Debug|Any CPU
		{24066707-6FB7-47D1-BD7E-DA6F09AB70CC}.Debug|iPhoneSimulator.Deploy.0 = Debug|Any CPU
		{24066707-6FB7-47D1-BD7E-DA6F09AB70CC}.Debug|x64.ActiveCfg = Debug|Any CPU
		{24066707-6FB7-47D1-BD7E-DA6F09AB70CC}.Debug|x64.Build.0 = Debug|Any CPU
		{24066707-6FB7-47D1-BD7E-DA6F09AB70CC}.Debug|x64.Deploy.0 = Debug|Any CPU
		{24066707-6FB7-47D1-BD7E-DA6F09AB70CC}.Debug|x86.ActiveCfg = Debug|Any CPU
		{24066707-6FB7-47D1-BD7E-DA6F09AB70CC}.Debug|x86.Build.0 = Debug|Any CPU
		{24066707-6FB7-47D1-BD7E-DA6F09AB70CC}.Debug|x86.Deploy.0 = Debug|Any CPU
		{24066707-6FB7-47D1-BD7E-DA6F09AB70CC}.Release|Any CPU.ActiveCfg = Release|Any CPU
		{24066707-6FB7-47D1-BD7E-DA6F09AB70CC}.Release|Any CPU.Build.0 = Release|Any CPU
		{24066707-6FB7-47D1-BD7E-DA6F09AB70CC}.Release|Any CPU.Deploy.0 = Release|Any CPU
		{24066707-6FB7-47D1-BD7E-DA6F09AB70CC}.Release|ARM.ActiveCfg = Release|Any CPU
		{24066707-6FB7-47D1-BD7E-DA6F09AB70CC}.Release|ARM.Build.0 = Release|Any CPU
		{24066707-6FB7-47D1-BD7E-DA6F09AB70CC}.Release|ARM.Deploy.0 = Release|Any CPU
		{24066707-6FB7-47D1-BD7E-DA6F09AB70CC}.Release|iPhone.ActiveCfg = Release|Any CPU
		{24066707-6FB7-47D1-BD7E-DA6F09AB70CC}.Release|iPhone.Build.0 = Release|Any CPU
		{24066707-6FB7-47D1-BD7E-DA6F09AB70CC}.Release|iPhone.Deploy.0 = Release|Any CPU
		{24066707-6FB7-47D1-BD7E-DA6F09AB70CC}.Release|iPhoneSimulator.ActiveCfg = Release|Any CPU
		{24066707-6FB7-47D1-BD7E-DA6F09AB70CC}.Release|iPhoneSimulator.Build.0 = Release|Any CPU
		{24066707-6FB7-47D1-BD7E-DA6F09AB70CC}.Release|iPhoneSimulator.Deploy.0 = Release|Any CPU
		{24066707-6FB7-47D1-BD7E-DA6F09AB70CC}.Release|x64.ActiveCfg = Release|Any CPU
		{24066707-6FB7-47D1-BD7E-DA6F09AB70CC}.Release|x64.Build.0 = Release|Any CPU
		{24066707-6FB7-47D1-BD7E-DA6F09AB70CC}.Release|x64.Deploy.0 = Release|Any CPU
		{24066707-6FB7-47D1-BD7E-DA6F09AB70CC}.Release|x86.ActiveCfg = Release|Any CPU
		{24066707-6FB7-47D1-BD7E-DA6F09AB70CC}.Release|x86.Build.0 = Release|Any CPU
		{24066707-6FB7-47D1-BD7E-DA6F09AB70CC}.Release|x86.Deploy.0 = Release|Any CPU
		{0154CB42-5F0A-409F-9588-F8F99584F474}.Ad-Hoc|Any CPU.ActiveCfg = Ad-Hoc|iPhone
		{0154CB42-5F0A-409F-9588-F8F99584F474}.Ad-Hoc|ARM.ActiveCfg = Ad-Hoc|iPhone
		{0154CB42-5F0A-409F-9588-F8F99584F474}.Ad-Hoc|iPhone.ActiveCfg = Ad-Hoc|iPhone
		{0154CB42-5F0A-409F-9588-F8F99584F474}.Ad-Hoc|iPhone.Build.0 = Ad-Hoc|iPhone
		{0154CB42-5F0A-409F-9588-F8F99584F474}.Ad-Hoc|iPhoneSimulator.ActiveCfg = Ad-Hoc|iPhoneSimulator
		{0154CB42-5F0A-409F-9588-F8F99584F474}.Ad-Hoc|iPhoneSimulator.Build.0 = Ad-Hoc|iPhoneSimulator
		{0154CB42-5F0A-409F-9588-F8F99584F474}.Ad-Hoc|x64.ActiveCfg = Ad-Hoc|iPhone
		{0154CB42-5F0A-409F-9588-F8F99584F474}.Ad-Hoc|x86.ActiveCfg = Ad-Hoc|iPhone
		{0154CB42-5F0A-409F-9588-F8F99584F474}.AppStore|Any CPU.ActiveCfg = AppStore|iPhone
		{0154CB42-5F0A-409F-9588-F8F99584F474}.AppStore|ARM.ActiveCfg = AppStore|iPhone
		{0154CB42-5F0A-409F-9588-F8F99584F474}.AppStore|iPhone.ActiveCfg = AppStore|iPhone
		{0154CB42-5F0A-409F-9588-F8F99584F474}.AppStore|iPhone.Build.0 = AppStore|iPhone
		{0154CB42-5F0A-409F-9588-F8F99584F474}.AppStore|iPhoneSimulator.ActiveCfg = AppStore|iPhoneSimulator
		{0154CB42-5F0A-409F-9588-F8F99584F474}.AppStore|iPhoneSimulator.Build.0 = AppStore|iPhoneSimulator
		{0154CB42-5F0A-409F-9588-F8F99584F474}.AppStore|x64.ActiveCfg = AppStore|iPhone
		{0154CB42-5F0A-409F-9588-F8F99584F474}.AppStore|x86.ActiveCfg = AppStore|iPhone
		{0154CB42-5F0A-409F-9588-F8F99584F474}.Debug|Any CPU.ActiveCfg = Debug|iPhone
		{0154CB42-5F0A-409F-9588-F8F99584F474}.Debug|ARM.ActiveCfg = Debug|iPhone
		{0154CB42-5F0A-409F-9588-F8F99584F474}.Debug|iPhone.ActiveCfg = Debug|iPhone
		{0154CB42-5F0A-409F-9588-F8F99584F474}.Debug|iPhone.Build.0 = Debug|iPhone
		{0154CB42-5F0A-409F-9588-F8F99584F474}.Debug|iPhoneSimulator.ActiveCfg = Debug|iPhoneSimulator
		{0154CB42-5F0A-409F-9588-F8F99584F474}.Debug|iPhoneSimulator.Build.0 = Debug|iPhoneSimulator
		{0154CB42-5F0A-409F-9588-F8F99584F474}.Debug|x64.ActiveCfg = Debug|iPhone
		{0154CB42-5F0A-409F-9588-F8F99584F474}.Debug|x86.ActiveCfg = Debug|iPhone
		{0154CB42-5F0A-409F-9588-F8F99584F474}.Release|Any CPU.ActiveCfg = Release|iPhone
		{0154CB42-5F0A-409F-9588-F8F99584F474}.Release|ARM.ActiveCfg = Release|iPhone
		{0154CB42-5F0A-409F-9588-F8F99584F474}.Release|iPhone.ActiveCfg = Release|iPhone
		{0154CB42-5F0A-409F-9588-F8F99584F474}.Release|iPhone.Build.0 = Release|iPhone
		{0154CB42-5F0A-409F-9588-F8F99584F474}.Release|iPhoneSimulator.ActiveCfg = Release|iPhoneSimulator
		{0154CB42-5F0A-409F-9588-F8F99584F474}.Release|iPhoneSimulator.Build.0 = Release|iPhoneSimulator
		{0154CB42-5F0A-409F-9588-F8F99584F474}.Release|x64.ActiveCfg = Release|iPhone
		{0154CB42-5F0A-409F-9588-F8F99584F474}.Release|x86.ActiveCfg = Release|iPhone
		{C1CBCAE9-FDB7-4E31-BAA2-673A9256CBDE}.Ad-Hoc|Any CPU.ActiveCfg = Release|x86
		{C1CBCAE9-FDB7-4E31-BAA2-673A9256CBDE}.Ad-Hoc|Any CPU.Build.0 = Release|x86
		{C1CBCAE9-FDB7-4E31-BAA2-673A9256CBDE}.Ad-Hoc|Any CPU.Deploy.0 = Release|x86
		{C1CBCAE9-FDB7-4E31-BAA2-673A9256CBDE}.Ad-Hoc|ARM.ActiveCfg = Release|ARM
		{C1CBCAE9-FDB7-4E31-BAA2-673A9256CBDE}.Ad-Hoc|ARM.Build.0 = Release|ARM
		{C1CBCAE9-FDB7-4E31-BAA2-673A9256CBDE}.Ad-Hoc|ARM.Deploy.0 = Release|ARM
		{C1CBCAE9-FDB7-4E31-BAA2-673A9256CBDE}.Ad-Hoc|iPhone.ActiveCfg = Release|x86
		{C1CBCAE9-FDB7-4E31-BAA2-673A9256CBDE}.Ad-Hoc|iPhone.Build.0 = Release|x86
		{C1CBCAE9-FDB7-4E31-BAA2-673A9256CBDE}.Ad-Hoc|iPhone.Deploy.0 = Release|x86
		{C1CBCAE9-FDB7-4E31-BAA2-673A9256CBDE}.Ad-Hoc|iPhoneSimulator.ActiveCfg = Release|x86
		{C1CBCAE9-FDB7-4E31-BAA2-673A9256CBDE}.Ad-Hoc|iPhoneSimulator.Build.0 = Release|x86
		{C1CBCAE9-FDB7-4E31-BAA2-673A9256CBDE}.Ad-Hoc|iPhoneSimulator.Deploy.0 = Release|x86
		{C1CBCAE9-FDB7-4E31-BAA2-673A9256CBDE}.Ad-Hoc|x64.ActiveCfg = Release|x64
		{C1CBCAE9-FDB7-4E31-BAA2-673A9256CBDE}.Ad-Hoc|x64.Build.0 = Release|x64
		{C1CBCAE9-FDB7-4E31-BAA2-673A9256CBDE}.Ad-Hoc|x64.Deploy.0 = Release|x64
		{C1CBCAE9-FDB7-4E31-BAA2-673A9256CBDE}.Ad-Hoc|x86.ActiveCfg = Release|x86
		{C1CBCAE9-FDB7-4E31-BAA2-673A9256CBDE}.Ad-Hoc|x86.Build.0 = Release|x86
		{C1CBCAE9-FDB7-4E31-BAA2-673A9256CBDE}.Ad-Hoc|x86.Deploy.0 = Release|x86
		{C1CBCAE9-FDB7-4E31-BAA2-673A9256CBDE}.AppStore|Any CPU.ActiveCfg = Release|x86
		{C1CBCAE9-FDB7-4E31-BAA2-673A9256CBDE}.AppStore|Any CPU.Build.0 = Release|x86
		{C1CBCAE9-FDB7-4E31-BAA2-673A9256CBDE}.AppStore|Any CPU.Deploy.0 = Release|x86
		{C1CBCAE9-FDB7-4E31-BAA2-673A9256CBDE}.AppStore|ARM.ActiveCfg = Release|ARM
		{C1CBCAE9-FDB7-4E31-BAA2-673A9256CBDE}.AppStore|ARM.Build.0 = Release|ARM
		{C1CBCAE9-FDB7-4E31-BAA2-673A9256CBDE}.AppStore|ARM.Deploy.0 = Release|ARM
		{C1CBCAE9-FDB7-4E31-BAA2-673A9256CBDE}.AppStore|iPhone.ActiveCfg = Release|x86
		{C1CBCAE9-FDB7-4E31-BAA2-673A9256CBDE}.AppStore|iPhone.Build.0 = Release|x86
		{C1CBCAE9-FDB7-4E31-BAA2-673A9256CBDE}.AppStore|iPhone.Deploy.0 = Release|x86
		{C1CBCAE9-FDB7-4E31-BAA2-673A9256CBDE}.AppStore|iPhoneSimulator.ActiveCfg = Release|x86
		{C1CBCAE9-FDB7-4E31-BAA2-673A9256CBDE}.AppStore|iPhoneSimulator.Build.0 = Release|x86
		{C1CBCAE9-FDB7-4E31-BAA2-673A9256CBDE}.AppStore|iPhoneSimulator.Deploy.0 = Release|x86
		{C1CBCAE9-FDB7-4E31-BAA2-673A9256CBDE}.AppStore|x64.ActiveCfg = Release|x64
		{C1CBCAE9-FDB7-4E31-BAA2-673A9256CBDE}.AppStore|x64.Build.0 = Release|x64
		{C1CBCAE9-FDB7-4E31-BAA2-673A9256CBDE}.AppStore|x64.Deploy.0 = Release|x64
		{C1CBCAE9-FDB7-4E31-BAA2-673A9256CBDE}.AppStore|x86.ActiveCfg = Release|x86
		{C1CBCAE9-FDB7-4E31-BAA2-673A9256CBDE}.AppStore|x86.Build.0 = Release|x86
		{C1CBCAE9-FDB7-4E31-BAA2-673A9256CBDE}.AppStore|x86.Deploy.0 = Release|x86
		{C1CBCAE9-FDB7-4E31-BAA2-673A9256CBDE}.Debug|Any CPU.ActiveCfg = Debug|x86
		{C1CBCAE9-FDB7-4E31-BAA2-673A9256CBDE}.Debug|ARM.ActiveCfg = Debug|ARM
		{C1CBCAE9-FDB7-4E31-BAA2-673A9256CBDE}.Debug|ARM.Build.0 = Debug|ARM
		{C1CBCAE9-FDB7-4E31-BAA2-673A9256CBDE}.Debug|ARM.Deploy.0 = Debug|ARM
		{C1CBCAE9-FDB7-4E31-BAA2-673A9256CBDE}.Debug|iPhone.ActiveCfg = Debug|x86
		{C1CBCAE9-FDB7-4E31-BAA2-673A9256CBDE}.Debug|iPhoneSimulator.ActiveCfg = Debug|x86
		{C1CBCAE9-FDB7-4E31-BAA2-673A9256CBDE}.Debug|x64.ActiveCfg = Debug|x64
		{C1CBCAE9-FDB7-4E31-BAA2-673A9256CBDE}.Debug|x64.Build.0 = Debug|x64
		{C1CBCAE9-FDB7-4E31-BAA2-673A9256CBDE}.Debug|x64.Deploy.0 = Debug|x64
		{C1CBCAE9-FDB7-4E31-BAA2-673A9256CBDE}.Debug|x86.ActiveCfg = Debug|x86
		{C1CBCAE9-FDB7-4E31-BAA2-673A9256CBDE}.Debug|x86.Build.0 = Debug|x86
		{C1CBCAE9-FDB7-4E31-BAA2-673A9256CBDE}.Debug|x86.Deploy.0 = Debug|x86
		{C1CBCAE9-FDB7-4E31-BAA2-673A9256CBDE}.Release|Any CPU.ActiveCfg = Release|x86
		{C1CBCAE9-FDB7-4E31-BAA2-673A9256CBDE}.Release|ARM.ActiveCfg = Release|ARM
		{C1CBCAE9-FDB7-4E31-BAA2-673A9256CBDE}.Release|ARM.Build.0 = Release|ARM
		{C1CBCAE9-FDB7-4E31-BAA2-673A9256CBDE}.Release|ARM.Deploy.0 = Release|ARM
		{C1CBCAE9-FDB7-4E31-BAA2-673A9256CBDE}.Release|iPhone.ActiveCfg = Release|x86
		{C1CBCAE9-FDB7-4E31-BAA2-673A9256CBDE}.Release|iPhoneSimulator.ActiveCfg = Release|x86
		{C1CBCAE9-FDB7-4E31-BAA2-673A9256CBDE}.Release|x64.ActiveCfg = Release|x64
		{C1CBCAE9-FDB7-4E31-BAA2-673A9256CBDE}.Release|x64.Build.0 = Release|x64
		{C1CBCAE9-FDB7-4E31-BAA2-673A9256CBDE}.Release|x64.Deploy.0 = Release|x64
		{C1CBCAE9-FDB7-4E31-BAA2-673A9256CBDE}.Release|x86.ActiveCfg = Release|x86
		{C1CBCAE9-FDB7-4E31-BAA2-673A9256CBDE}.Release|x86.Build.0 = Release|x86
		{C1CBCAE9-FDB7-4E31-BAA2-673A9256CBDE}.Release|x86.Deploy.0 = Release|x86
	EndGlobalSection
	GlobalSection(SolutionProperties) = preSolution
		HideSolutionNode = FALSE
	EndGlobalSection
EndGlobal
